
Microsoft Visual Studio Solution File, Format Version 12.00
# Visual Studio Version 17
VisualStudioVersion = 17.3.32811.315
MinimumVisualStudioVersion = 10.0.40219.1
Project("{F184B08F-C81C-45F6-A57F-5ABD9991F28F}") = "Ejercicio_Formulario_02", "Ejercicio_Formulario_02\Ejercicio_Formulario_02.vbproj", "{E6489D6A-93EB-4375-B341-80B5D390263E}"
EndProject
Global
	GlobalSection(SolutionConfigurationPlatforms) = preSolution
		Debug|Any CPU = Debug|Any CPU
		Release|Any CPU = Release|Any CPU
	EndGlobalSection
	GlobalSection(ProjectConfigurationPlatforms) = postSolution
		{E6489D6A-93EB-4375-B341-80B5D390263E}.Debug|Any CPU.ActiveCfg = Debug|Any CPU
		{E6489D6A-93EB-4375-B341-80B5D390263E}.Debug|Any CPU.Build.0 = Debug|Any CPU
		{E6489D6A-93EB-4375-B341-80B5D390263E}.Release|Any CPU.ActiveCfg = Release|Any CPU
		{E6489D6A-93EB-4375-B341-80B5D390263E}.Release|Any CPU.Build.0 = Release|Any CPU
	EndGlobalSection
	GlobalSection(SolutionProperties) = preSolution
		HideSolutionNode = FALSE
	EndGlobalSection
	GlobalSection(ExtensibilityGlobals) = postSolution
		SolutionGuid = {FB8874A8-FBB7-41EE-A746-21B9104FB77F}
	EndGlobalSection
EndGlobal
